// !$*UTF8*$!
{
	archiveVersion = 1;
	classes = {
	};
	objectVersion = 55;
	objects = {

/* Begin PBXBuildFile section */
		404AB52D2739F64F005544F8 /* AppDelegate.swift in Sources */ = {isa = PBXBuildFile; fileRef = 404AB52C2739F64F005544F8 /* AppDelegate.swift */; };
		404AB52F2739F64F005544F8 /* SceneDelegate.swift in Sources */ = {isa = PBXBuildFile; fileRef = 404AB52E2739F64F005544F8 /* SceneDelegate.swift */; };
		404AB5342739F64F005544F8 /* Main.storyboard in Resources */ = {isa = PBXBuildFile; fileRef = 404AB5322739F64F005544F8 /* Main.storyboard */; };
		404AB5362739F650005544F8 /* Assets.xcassets in Resources */ = {isa = PBXBuildFile; fileRef = 404AB5352739F650005544F8 /* Assets.xcassets */; };
		404AB5392739F650005544F8 /* LaunchScreen.storyboard in Resources */ = {isa = PBXBuildFile; fileRef = 404AB5372739F650005544F8 /* LaunchScreen.storyboard */; };
		404AB5442739F651005544F8 /* SongifyTests.swift in Sources */ = {isa = PBXBuildFile; fileRef = 404AB5432739F651005544F8 /* SongifyTests.swift */; };
		404AB54E2739F651005544F8 /* SongifyUITests.swift in Sources */ = {isa = PBXBuildFile; fileRef = 404AB54D2739F651005544F8 /* SongifyUITests.swift */; };
		404AB5502739F651005544F8 /* SongifyUITestsLaunchTests.swift in Sources */ = {isa = PBXBuildFile; fileRef = 404AB54F2739F651005544F8 /* SongifyUITestsLaunchTests.swift */; };
		409F046127480D3100ADDD55 /* AlbumViewCell.swift in Sources */ = {isa = PBXBuildFile; fileRef = 409F046027480D3100ADDD55 /* AlbumViewCell.swift */; };
		409F04632748110800ADDD55 /* AlbumGridViewController.swift in Sources */ = {isa = PBXBuildFile; fileRef = 409F04622748110800ADDD55 /* AlbumGridViewController.swift */; };
		40ADEA0F27407FC900591F06 /* SpotifyAPICaller.swift in Sources */ = {isa = PBXBuildFile; fileRef = 40ADEA0E27407FC900591F06 /* SpotifyAPICaller.swift */; };
		40E7B73027405D4C00183394 /* UIImageView.swift in Sources */ = {isa = PBXBuildFile; fileRef = 40E7B72F27405D4C00183394 /* UIImageView.swift */; };
		40E7B73227405DCF00183394 /* ArtistImageViewController.swift in Sources */ = {isa = PBXBuildFile; fileRef = 40E7B73127405DCF00183394 /* ArtistImageViewController.swift */; };
		40F5001B2752AF4C00B8980F /* TrackListViewController.swift in Sources */ = {isa = PBXBuildFile; fileRef = 40F5001A2752AF4C00B8980F /* TrackListViewController.swift */; };
		40F5001D2752EEC200B8980F /* TrackCell.swift in Sources */ = {isa = PBXBuildFile; fileRef = 40F5001C2752EEC200B8980F /* TrackCell.swift */; };
		92A49463B7AF07A7EF7ECB66 /* Pods_Songify.framework in Frameworks */ = {isa = PBXBuildFile; fileRef = 9EFA14CDF09DA669A1925182 /* Pods_Songify.framework */; };
		B1CD497DD0DAE5C7EE5CE550 /* Pods_Songify_SongifyUITests.framework in Frameworks */ = {isa = PBXBuildFile; fileRef = 5BA6AB2A0ADE712B4345FE71 /* Pods_Songify_SongifyUITests.framework */; };
		D68A1F5D2122FB298B37B127 /* Pods_SongifyTests.framework in Frameworks */ = {isa = PBXBuildFile; fileRef = A04DB9B00082C36519C9B845 /* Pods_SongifyTests.framework */; };
/* End PBXBuildFile section */

/* Begin PBXContainerItemProxy section */
		404AB5402739F651005544F8 /* PBXContainerItemProxy */ = {
			isa = PBXContainerItemProxy;
			containerPortal = 404AB5212739F64F005544F8 /* Project object */;
			proxyType = 1;
			remoteGlobalIDString = 404AB5282739F64F005544F8;
			remoteInfo = Songify;
		};
		404AB54A2739F651005544F8 /* PBXContainerItemProxy */ = {
			isa = PBXContainerItemProxy;
			containerPortal = 404AB5212739F64F005544F8 /* Project object */;
			proxyType = 1;
			remoteGlobalIDString = 404AB5282739F64F005544F8;
			remoteInfo = Songify;
		};
/* End PBXContainerItemProxy section */

/* Begin PBXFileReference section */
		1C6A3A9E17EF794AB465247F /* Pods-SongifyTests.debug.xcconfig */ = {isa = PBXFileReference; includeInIndex = 1; lastKnownFileType = text.xcconfig; name = "Pods-SongifyTests.debug.xcconfig"; path = "Target Support Files/Pods-SongifyTests/Pods-SongifyTests.debug.xcconfig"; sourceTree = "<group>"; };
		2FC8FFB1BDD57E16E0BDF1FE /* Pods-Songify.release.xcconfig */ = {isa = PBXFileReference; includeInIndex = 1; lastKnownFileType = text.xcconfig; name = "Pods-Songify.release.xcconfig"; path = "Target Support Files/Pods-Songify/Pods-Songify.release.xcconfig"; sourceTree = "<group>"; };
		3959B0766611964E90DF01A3 /* Pods-Songify.debug.xcconfig */ = {isa = PBXFileReference; includeInIndex = 1; lastKnownFileType = text.xcconfig; name = "Pods-Songify.debug.xcconfig"; path = "Target Support Files/Pods-Songify/Pods-Songify.debug.xcconfig"; sourceTree = "<group>"; };
		404AB5292739F64F005544F8 /* Songify.app */ = {isa = PBXFileReference; explicitFileType = wrapper.application; includeInIndex = 0; path = Songify.app; sourceTree = BUILT_PRODUCTS_DIR; };
		404AB52C2739F64F005544F8 /* AppDelegate.swift */ = {isa = PBXFileReference; lastKnownFileType = sourcecode.swift; name = AppDelegate.swift; path = SongifyApp/AppDelegate.swift; sourceTree = SOURCE_ROOT; };
		404AB52E2739F64F005544F8 /* SceneDelegate.swift */ = {isa = PBXFileReference; lastKnownFileType = sourcecode.swift; name = SceneDelegate.swift; path = SongifyApp/SceneDelegate.swift; sourceTree = SOURCE_ROOT; };
		404AB5332739F64F005544F8 /* Base */ = {isa = PBXFileReference; lastKnownFileType = file.storyboard; name = Base; path = Base.lproj/Main.storyboard; sourceTree = "<group>"; };
		404AB5352739F650005544F8 /* Assets.xcassets */ = {isa = PBXFileReference; lastKnownFileType = folder.assetcatalog; name = Assets.xcassets; path = SongifyApp/Assets.xcassets; sourceTree = SOURCE_ROOT; };
		404AB5382739F650005544F8 /* Base */ = {isa = PBXFileReference; lastKnownFileType = file.storyboard; name = Base; path = Base.lproj/LaunchScreen.storyboard; sourceTree = "<group>"; };
		404AB53A2739F650005544F8 /* Info.plist */ = {isa = PBXFileReference; lastKnownFileType = text.plist.xml; name = Info.plist; path = SongifyApp/Info.plist; sourceTree = SOURCE_ROOT; };
		404AB53F2739F651005544F8 /* SongifyTests.xctest */ = {isa = PBXFileReference; explicitFileType = wrapper.cfbundle; includeInIndex = 0; path = SongifyTests.xctest; sourceTree = BUILT_PRODUCTS_DIR; };
		404AB5432739F651005544F8 /* SongifyTests.swift */ = {isa = PBXFileReference; lastKnownFileType = sourcecode.swift; path = SongifyTests.swift; sourceTree = "<group>"; };
		404AB5492739F651005544F8 /* SongifyUITests.xctest */ = {isa = PBXFileReference; explicitFileType = wrapper.cfbundle; includeInIndex = 0; path = SongifyUITests.xctest; sourceTree = BUILT_PRODUCTS_DIR; };
		404AB54D2739F651005544F8 /* SongifyUITests.swift */ = {isa = PBXFileReference; lastKnownFileType = sourcecode.swift; path = SongifyUITests.swift; sourceTree = "<group>"; };
		404AB54F2739F651005544F8 /* SongifyUITestsLaunchTests.swift */ = {isa = PBXFileReference; lastKnownFileType = sourcecode.swift; path = SongifyUITestsLaunchTests.swift; sourceTree = "<group>"; };
		409F046027480D3100ADDD55 /* AlbumViewCell.swift */ = {isa = PBXFileReference; lastKnownFileType = sourcecode.swift; name = AlbumViewCell.swift; path = SongifyApp/AlbumViewCell.swift; sourceTree = "<group>"; };
		409F04622748110800ADDD55 /* AlbumGridViewController.swift */ = {isa = PBXFileReference; lastKnownFileType = sourcecode.swift; name = AlbumGridViewController.swift; path = SongifyApp/AlbumGridViewController.swift; sourceTree = "<group>"; };
		40ADEA0E27407FC900591F06 /* SpotifyAPICaller.swift */ = {isa = PBXFileReference; lastKnownFileType = sourcecode.swift; name = SpotifyAPICaller.swift; path = SongifyApp/SpotifyAPICaller.swift; sourceTree = SOURCE_ROOT; };
		40E7B72F27405D4C00183394 /* UIImageView.swift */ = {isa = PBXFileReference; lastKnownFileType = sourcecode.swift; name = UIImageView.swift; path = SongifyApp/UIImageView.swift; sourceTree = SOURCE_ROOT; };
		40E7B73127405DCF00183394 /* ArtistImageViewController.swift */ = {isa = PBXFileReference; lastKnownFileType = sourcecode.swift; name = ArtistImageViewController.swift; path = SongifyApp/ArtistImageViewController.swift; sourceTree = SOURCE_ROOT; };
		40F5001A2752AF4C00B8980F /* TrackListViewController.swift */ = {isa = PBXFileReference; lastKnownFileType = sourcecode.swift; name = TrackListViewController.swift; path = SongifyApp/TrackListViewController.swift; sourceTree = "<group>"; };
		40F5001C2752EEC200B8980F /* TrackCell.swift */ = {isa = PBXFileReference; lastKnownFileType = sourcecode.swift; name = TrackCell.swift; path = SongifyApp/TrackCell.swift; sourceTree = "<group>"; };
		5BA6AB2A0ADE712B4345FE71 /* Pods_Songify_SongifyUITests.framework */ = {isa = PBXFileReference; explicitFileType = wrapper.framework; includeInIndex = 0; path = Pods_Songify_SongifyUITests.framework; sourceTree = BUILT_PRODUCTS_DIR; };
		6414C544E50C9A73275627DE /* Pods-Songify-SongifyUITests.release.xcconfig */ = {isa = PBXFileReference; includeInIndex = 1; lastKnownFileType = text.xcconfig; name = "Pods-Songify-SongifyUITests.release.xcconfig"; path = "Target Support Files/Pods-Songify-SongifyUITests/Pods-Songify-SongifyUITests.release.xcconfig"; sourceTree = "<group>"; };
		9EFA14CDF09DA669A1925182 /* Pods_Songify.framework */ = {isa = PBXFileReference; explicitFileType = wrapper.framework; includeInIndex = 0; path = Pods_Songify.framework; sourceTree = BUILT_PRODUCTS_DIR; };
		A04DB9B00082C36519C9B845 /* Pods_SongifyTests.framework */ = {isa = PBXFileReference; explicitFileType = wrapper.framework; includeInIndex = 0; path = Pods_SongifyTests.framework; sourceTree = BUILT_PRODUCTS_DIR; };
		ADF200DF04477EC00BF5C940 /* Pods-SongifyTests.release.xcconfig */ = {isa = PBXFileReference; includeInIndex = 1; lastKnownFileType = text.xcconfig; name = "Pods-SongifyTests.release.xcconfig"; path = "Target Support Files/Pods-SongifyTests/Pods-SongifyTests.release.xcconfig"; sourceTree = "<group>"; };
		E290BB5C663BF6504A9F4B98 /* Pods-Songify-SongifyUITests.debug.xcconfig */ = {isa = PBXFileReference; includeInIndex = 1; lastKnownFileType = text.xcconfig; name = "Pods-Songify-SongifyUITests.debug.xcconfig"; path = "Target Support Files/Pods-Songify-SongifyUITests/Pods-Songify-SongifyUITests.debug.xcconfig"; sourceTree = "<group>"; };
/* End PBXFileReference section */

/* Begin PBXFrameworksBuildPhase section */
		404AB5262739F64F005544F8 /* Frameworks */ = {
			isa = PBXFrameworksBuildPhase;
			buildActionMask = 2147483647;
			files = (
				92A49463B7AF07A7EF7ECB66 /* Pods_Songify.framework in Frameworks */,
			);
			runOnlyForDeploymentPostprocessing = 0;
		};
		404AB53C2739F651005544F8 /* Frameworks */ = {
			isa = PBXFrameworksBuildPhase;
			buildActionMask = 2147483647;
			files = (
				D68A1F5D2122FB298B37B127 /* Pods_SongifyTests.framework in Frameworks */,
			);
			runOnlyForDeploymentPostprocessing = 0;
		};
		404AB5462739F651005544F8 /* Frameworks */ = {
			isa = PBXFrameworksBuildPhase;
			buildActionMask = 2147483647;
			files = (
				B1CD497DD0DAE5C7EE5CE550 /* Pods_Songify_SongifyUITests.framework in Frameworks */,
			);
			runOnlyForDeploymentPostprocessing = 0;
		};
/* End PBXFrameworksBuildPhase section */

/* Begin PBXGroup section */
		1E695C0ED8E6818F8D34BC1A /* Frameworks */ = {
			isa = PBXGroup;
			children = (
				9EFA14CDF09DA669A1925182 /* Pods_Songify.framework */,
				5BA6AB2A0ADE712B4345FE71 /* Pods_Songify_SongifyUITests.framework */,
				A04DB9B00082C36519C9B845 /* Pods_SongifyTests.framework */,
			);
			name = Frameworks;
			sourceTree = "<group>";
		};
		404AB5202739F64F005544F8 = {
			isa = PBXGroup;
			children = (
				404AB52B2739F64F005544F8 /* Songify */,
				404AB5422739F651005544F8 /* SongifyTests */,
				404AB54C2739F651005544F8 /* SongifyUITests */,
				404AB52A2739F64F005544F8 /* Products */,
				A77E925E07C3606CA3F16B5E /* Pods */,
				1E695C0ED8E6818F8D34BC1A /* Frameworks */,
			);
			sourceTree = "<group>";
		};
		404AB52A2739F64F005544F8 /* Products */ = {
			isa = PBXGroup;
			children = (
				404AB5292739F64F005544F8 /* Songify.app */,
				404AB53F2739F651005544F8 /* SongifyTests.xctest */,
				404AB5492739F651005544F8 /* SongifyUITests.xctest */,
			);
			name = Products;
			sourceTree = "<group>";
		};
		404AB52B2739F64F005544F8 /* Songify */ = {
			isa = PBXGroup;
			children = (
				404AB52C2739F64F005544F8 /* AppDelegate.swift */,
				404AB52E2739F64F005544F8 /* SceneDelegate.swift */,
				404AB5322739F64F005544F8 /* Main.storyboard */,
				404AB5352739F650005544F8 /* Assets.xcassets */,
				404AB5372739F650005544F8 /* LaunchScreen.storyboard */,
				404AB53A2739F650005544F8 /* Info.plist */,
				40E7B72F27405D4C00183394 /* UIImageView.swift */,
				40E7B73127405DCF00183394 /* ArtistImageViewController.swift */,
				40ADEA0E27407FC900591F06 /* SpotifyAPICaller.swift */,
				409F046027480D3100ADDD55 /* AlbumViewCell.swift */,
				409F04622748110800ADDD55 /* AlbumGridViewController.swift */,
				40F5001A2752AF4C00B8980F /* TrackListViewController.swift */,
				40F5001C2752EEC200B8980F /* TrackCell.swift */,
			);
			name = Songify;
			sourceTree = SOURCE_ROOT;
		};
		404AB5422739F651005544F8 /* SongifyTests */ = {
			isa = PBXGroup;
			children = (
				404AB5432739F651005544F8 /* SongifyTests.swift */,
			);
			path = SongifyTests;
			sourceTree = "<group>";
		};
		404AB54C2739F651005544F8 /* SongifyUITests */ = {
			isa = PBXGroup;
			children = (
				404AB54D2739F651005544F8 /* SongifyUITests.swift */,
				404AB54F2739F651005544F8 /* SongifyUITestsLaunchTests.swift */,
			);
			path = SongifyUITests;
			sourceTree = "<group>";
		};
		A77E925E07C3606CA3F16B5E /* Pods */ = {
			isa = PBXGroup;
			children = (
				3959B0766611964E90DF01A3 /* Pods-Songify.debug.xcconfig */,
				2FC8FFB1BDD57E16E0BDF1FE /* Pods-Songify.release.xcconfig */,
				E290BB5C663BF6504A9F4B98 /* Pods-Songify-SongifyUITests.debug.xcconfig */,
				6414C544E50C9A73275627DE /* Pods-Songify-SongifyUITests.release.xcconfig */,
				1C6A3A9E17EF794AB465247F /* Pods-SongifyTests.debug.xcconfig */,
				ADF200DF04477EC00BF5C940 /* Pods-SongifyTests.release.xcconfig */,
			);
			path = Pods;
			sourceTree = "<group>";
		};
/* End PBXGroup section */

/* Begin PBXNativeTarget section */
		404AB5282739F64F005544F8 /* Songify */ = {
			isa = PBXNativeTarget;
			buildConfigurationList = 404AB5532739F651005544F8 /* Build configuration list for PBXNativeTarget "Songify" */;
			buildPhases = (
				933946C9F2587368B07D5970 /* [CP] Check Pods Manifest.lock */,
				404AB5252739F64F005544F8 /* Sources */,
				404AB5262739F64F005544F8 /* Frameworks */,
				404AB5272739F64F005544F8 /* Resources */,
				1AF17C8380030215CB2B564A /* [CP] Embed Pods Frameworks */,
			);
			buildRules = (
			);
			dependencies = (
			);
			name = Songify;
			productName = Songify;
			productReference = 404AB5292739F64F005544F8 /* Songify.app */;
			productType = "com.apple.product-type.application";
		};
		404AB53E2739F651005544F8 /* SongifyTests */ = {
			isa = PBXNativeTarget;
			buildConfigurationList = 404AB5562739F651005544F8 /* Build configuration list for PBXNativeTarget "SongifyTests" */;
			buildPhases = (
				B1F23A4D8D6E80972FF0EDC5 /* [CP] Check Pods Manifest.lock */,
				404AB53B2739F651005544F8 /* Sources */,
				404AB53C2739F651005544F8 /* Frameworks */,
				404AB53D2739F651005544F8 /* Resources */,
			);
			buildRules = (
			);
			dependencies = (
				404AB5412739F651005544F8 /* PBXTargetDependency */,
			);
			name = SongifyTests;
			productName = SongifyTests;
			productReference = 404AB53F2739F651005544F8 /* SongifyTests.xctest */;
			productType = "com.apple.product-type.bundle.unit-test";
		};
		404AB5482739F651005544F8 /* SongifyUITests */ = {
			isa = PBXNativeTarget;
			buildConfigurationList = 404AB5592739F651005544F8 /* Build configuration list for PBXNativeTarget "SongifyUITests" */;
			buildPhases = (
				BAF18CD72E0AAFEF2400B8A2 /* [CP] Check Pods Manifest.lock */,
				404AB5452739F651005544F8 /* Sources */,
				404AB5462739F651005544F8 /* Frameworks */,
				404AB5472739F651005544F8 /* Resources */,
				2913213FB882C72356963844 /* [CP] Embed Pods Frameworks */,
			);
			buildRules = (
			);
			dependencies = (
				404AB54B2739F651005544F8 /* PBXTargetDependency */,
			);
			name = SongifyUITests;
			productName = SongifyUITests;
			productReference = 404AB5492739F651005544F8 /* SongifyUITests.xctest */;
			productType = "com.apple.product-type.bundle.ui-testing";
		};
/* End PBXNativeTarget section */

/* Begin PBXProject section */
		404AB5212739F64F005544F8 /* Project object */ = {
			isa = PBXProject;
			attributes = {
				BuildIndependentTargetsInParallel = 1;
				LastSwiftUpdateCheck = 1310;
				LastUpgradeCheck = 1310;
				TargetAttributes = {
					404AB5282739F64F005544F8 = {
						CreatedOnToolsVersion = 13.1;
					};
					404AB53E2739F651005544F8 = {
						CreatedOnToolsVersion = 13.1;
						TestTargetID = 404AB5282739F64F005544F8;
					};
					404AB5482739F651005544F8 = {
						CreatedOnToolsVersion = 13.1;
						TestTargetID = 404AB5282739F64F005544F8;
					};
				};
			};
			buildConfigurationList = 404AB5242739F64F005544F8 /* Build configuration list for PBXProject "Songify" */;
			compatibilityVersion = "Xcode 13.0";
			developmentRegion = en;
			hasScannedForEncodings = 0;
			knownRegions = (
				en,
				Base,
			);
			mainGroup = 404AB5202739F64F005544F8;
			productRefGroup = 404AB52A2739F64F005544F8 /* Products */;
			projectDirPath = "";
			projectRoot = "";
			targets = (
				404AB5282739F64F005544F8 /* Songify */,
				404AB53E2739F651005544F8 /* SongifyTests */,
				404AB5482739F651005544F8 /* SongifyUITests */,
			);
		};
/* End PBXProject section */

/* Begin PBXResourcesBuildPhase section */
		404AB5272739F64F005544F8 /* Resources */ = {
			isa = PBXResourcesBuildPhase;
			buildActionMask = 2147483647;
			files = (
				404AB5392739F650005544F8 /* LaunchScreen.storyboard in Resources */,
				404AB5362739F650005544F8 /* Assets.xcassets in Resources */,
				404AB5342739F64F005544F8 /* Main.storyboard in Resources */,
			);
			runOnlyForDeploymentPostprocessing = 0;
		};
		404AB53D2739F651005544F8 /* Resources */ = {
			isa = PBXResourcesBuildPhase;
			buildActionMask = 2147483647;
			files = (
			);
			runOnlyForDeploymentPostprocessing = 0;
		};
		404AB5472739F651005544F8 /* Resources */ = {
			isa = PBXResourcesBuildPhase;
			buildActionMask = 2147483647;
			files = (
			);
			runOnlyForDeploymentPostprocessing = 0;
		};
/* End PBXResourcesBuildPhase section */

/* Begin PBXShellScriptBuildPhase section */
		1AF17C8380030215CB2B564A /* [CP] Embed Pods Frameworks */ = {
			isa = PBXShellScriptBuildPhase;
			buildActionMask = 2147483647;
			files = (
			);
			inputFileListPaths = (
				"${PODS_ROOT}/Target Support Files/Pods-Songify/Pods-Songify-frameworks-${CONFIGURATION}-input-files.xcfilelist",
			);
			name = "[CP] Embed Pods Frameworks";
			outputFileListPaths = (
				"${PODS_ROOT}/Target Support Files/Pods-Songify/Pods-Songify-frameworks-${CONFIGURATION}-output-files.xcfilelist",
			);
			runOnlyForDeploymentPostprocessing = 0;
			shellPath = /bin/sh;
			shellScript = "\"${PODS_ROOT}/Target Support Files/Pods-Songify/Pods-Songify-frameworks.sh\"\n";
			showEnvVarsInLog = 0;
		};
		2913213FB882C72356963844 /* [CP] Embed Pods Frameworks */ = {
			isa = PBXShellScriptBuildPhase;
			buildActionMask = 2147483647;
			files = (
			);
			inputFileListPaths = (
				"${PODS_ROOT}/Target Support Files/Pods-Songify-SongifyUITests/Pods-Songify-SongifyUITests-frameworks-${CONFIGURATION}-input-files.xcfilelist",
			);
			name = "[CP] Embed Pods Frameworks";
			outputFileListPaths = (
				"${PODS_ROOT}/Target Support Files/Pods-Songify-SongifyUITests/Pods-Songify-SongifyUITests-frameworks-${CONFIGURATION}-output-files.xcfilelist",
			);
			runOnlyForDeploymentPostprocessing = 0;
			shellPath = /bin/sh;
			shellScript = "\"${PODS_ROOT}/Target Support Files/Pods-Songify-SongifyUITests/Pods-Songify-SongifyUITests-frameworks.sh\"\n";
			showEnvVarsInLog = 0;
		};
		933946C9F2587368B07D5970 /* [CP] Check Pods Manifest.lock */ = {
			isa = PBXShellScriptBuildPhase;
			buildActionMask = 2147483647;
			files = (
			);
			inputFileListPaths = (
			);
			inputPaths = (
				"${PODS_PODFILE_DIR_PATH}/Podfile.lock",
				"${PODS_ROOT}/Manifest.lock",
			);
			name = "[CP] Check Pods Manifest.lock";
			outputFileListPaths = (
			);
			outputPaths = (
				"$(DERIVED_FILE_DIR)/Pods-Songify-checkManifestLockResult.txt",
			);
			runOnlyForDeploymentPostprocessing = 0;
			shellPath = /bin/sh;
			shellScript = "diff \"${PODS_PODFILE_DIR_PATH}/Podfile.lock\" \"${PODS_ROOT}/Manifest.lock\" > /dev/null\nif [ $? != 0 ] ; then\n    # print error to STDERR\n    echo \"error: The sandbox is not in sync with the Podfile.lock. Run 'pod install' or update your CocoaPods installation.\" >&2\n    exit 1\nfi\n# This output is used by Xcode 'outputs' to avoid re-running this script phase.\necho \"SUCCESS\" > \"${SCRIPT_OUTPUT_FILE_0}\"\n";
			showEnvVarsInLog = 0;
		};
		B1F23A4D8D6E80972FF0EDC5 /* [CP] Check Pods Manifest.lock */ = {
			isa = PBXShellScriptBuildPhase;
			buildActionMask = 2147483647;
			files = (
			);
			inputFileListPaths = (
			);
			inputPaths = (
				"${PODS_PODFILE_DIR_PATH}/Podfile.lock",
				"${PODS_ROOT}/Manifest.lock",
			);
			name = "[CP] Check Pods Manifest.lock";
			outputFileListPaths = (
			);
			outputPaths = (
				"$(DERIVED_FILE_DIR)/Pods-SongifyTests-checkManifestLockResult.txt",
			);
			runOnlyForDeploymentPostprocessing = 0;
			shellPath = /bin/sh;
			shellScript = "diff \"${PODS_PODFILE_DIR_PATH}/Podfile.lock\" \"${PODS_ROOT}/Manifest.lock\" > /dev/null\nif [ $? != 0 ] ; then\n    # print error to STDERR\n    echo \"error: The sandbox is not in sync with the Podfile.lock. Run 'pod install' or update your CocoaPods installation.\" >&2\n    exit 1\nfi\n# This output is used by Xcode 'outputs' to avoid re-running this script phase.\necho \"SUCCESS\" > \"${SCRIPT_OUTPUT_FILE_0}\"\n";
			showEnvVarsInLog = 0;
		};
		BAF18CD72E0AAFEF2400B8A2 /* [CP] Check Pods Manifest.lock */ = {
			isa = PBXShellScriptBuildPhase;
			buildActionMask = 2147483647;
			files = (
			);
			inputFileListPaths = (
			);
			inputPaths = (
				"${PODS_PODFILE_DIR_PATH}/Podfile.lock",
				"${PODS_ROOT}/Manifest.lock",
			);
			name = "[CP] Check Pods Manifest.lock";
			outputFileListPaths = (
			);
			outputPaths = (
				"$(DERIVED_FILE_DIR)/Pods-Songify-SongifyUITests-checkManifestLockResult.txt",
			);
			runOnlyForDeploymentPostprocessing = 0;
			shellPath = /bin/sh;
			shellScript = "diff \"${PODS_PODFILE_DIR_PATH}/Podfile.lock\" \"${PODS_ROOT}/Manifest.lock\" > /dev/null\nif [ $? != 0 ] ; then\n    # print error to STDERR\n    echo \"error: The sandbox is not in sync with the Podfile.lock. Run 'pod install' or update your CocoaPods installation.\" >&2\n    exit 1\nfi\n# This output is used by Xcode 'outputs' to avoid re-running this script phase.\necho \"SUCCESS\" > \"${SCRIPT_OUTPUT_FILE_0}\"\n";
			showEnvVarsInLog = 0;
		};
/* End PBXShellScriptBuildPhase section */

/* Begin PBXSourcesBuildPhase section */
		404AB5252739F64F005544F8 /* Sources */ = {
			isa = PBXSourcesBuildPhase;
			buildActionMask = 2147483647;
			files = (
				40F5001B2752AF4C00B8980F /* TrackListViewController.swift in Sources */,
				409F04632748110800ADDD55 /* AlbumGridViewController.swift in Sources */,
				40F5001D2752EEC200B8980F /* TrackCell.swift in Sources */,
				40E7B73227405DCF00183394 /* ArtistImageViewController.swift in Sources */,
				40E7B73027405D4C00183394 /* UIImageView.swift in Sources */,
				40ADEA0F27407FC900591F06 /* SpotifyAPICaller.swift in Sources */,
				409F046127480D3100ADDD55 /* AlbumViewCell.swift in Sources */,
				404AB52D2739F64F005544F8 /* AppDelegate.swift in Sources */,
				404AB52F2739F64F005544F8 /* SceneDelegate.swift in Sources */,
			);
			runOnlyForDeploymentPostprocessing = 0;
		};
		404AB53B2739F651005544F8 /* Sources */ = {
			isa = PBXSourcesBuildPhase;
			buildActionMask = 2147483647;
			files = (
				404AB5442739F651005544F8 /* SongifyTests.swift in Sources */,
			);
			runOnlyForDeploymentPostprocessing = 0;
		};
		404AB5452739F651005544F8 /* Sources */ = {
			isa = PBXSourcesBuildPhase;
			buildActionMask = 2147483647;
			files = (
				404AB5502739F651005544F8 /* SongifyUITestsLaunchTests.swift in Sources */,
				404AB54E2739F651005544F8 /* SongifyUITests.swift in Sources */,
			);
			runOnlyForDeploymentPostprocessing = 0;
		};
/* End PBXSourcesBuildPhase section */

/* Begin PBXTargetDependency section */
		404AB5412739F651005544F8 /* PBXTargetDependency */ = {
			isa = PBXTargetDependency;
			target = 404AB5282739F64F005544F8 /* Songify */;
			targetProxy = 404AB5402739F651005544F8 /* PBXContainerItemProxy */;
		};
		404AB54B2739F651005544F8 /* PBXTargetDependency */ = {
			isa = PBXTargetDependency;
			target = 404AB5282739F64F005544F8 /* Songify */;
			targetProxy = 404AB54A2739F651005544F8 /* PBXContainerItemProxy */;
		};
/* End PBXTargetDependency section */

/* Begin PBXVariantGroup section */
		404AB5322739F64F005544F8 /* Main.storyboard */ = {
			isa = PBXVariantGroup;
			children = (
				404AB5332739F64F005544F8 /* Base */,
			);
			name = Main.storyboard;
			path = SongifyApp;
			sourceTree = SOURCE_ROOT;
		};
		404AB5372739F650005544F8 /* LaunchScreen.storyboard */ = {
			isa = PBXVariantGroup;
			children = (
				404AB5382739F650005544F8 /* Base */,
			);
			name = LaunchScreen.storyboard;
			path = SongifyApp;
			sourceTree = SOURCE_ROOT;
		};
/* End PBXVariantGroup section */

/* Begin XCBuildConfiguration section */
		404AB5512739F651005544F8 /* Debug */ = {
			isa = XCBuildConfiguration;
			buildSettings = {
				ALWAYS_SEARCH_USER_PATHS = NO;
				CLANG_ANALYZER_NONNULL = YES;
				CLANG_ANALYZER_NUMBER_OBJECT_CONVERSION = YES_AGGRESSIVE;
				CLANG_CXX_LANGUAGE_STANDARD = "gnu++17";
				CLANG_CXX_LIBRARY = "libc++";
				CLANG_ENABLE_MODULES = YES;
				CLANG_ENABLE_OBJC_ARC = YES;
				CLANG_ENABLE_OBJC_WEAK = YES;
				CLANG_WARN_BLOCK_CAPTURE_AUTORELEASING = YES;
				CLANG_WARN_BOOL_CONVERSION = YES;
				CLANG_WARN_COMMA = YES;
				CLANG_WARN_CONSTANT_CONVERSION = YES;
				CLANG_WARN_DEPRECATED_OBJC_IMPLEMENTATIONS = YES;
				CLANG_WARN_DIRECT_OBJC_ISA_USAGE = YES_ERROR;
				CLANG_WARN_DOCUMENTATION_COMMENTS = YES;
				CLANG_WARN_EMPTY_BODY = YES;
				CLANG_WARN_ENUM_CONVERSION = YES;
				CLANG_WARN_INFINITE_RECURSION = YES;
				CLANG_WARN_INT_CONVERSION = YES;
				CLANG_WARN_NON_LITERAL_NULL_CONVERSION = YES;
				CLANG_WARN_OBJC_IMPLICIT_RETAIN_SELF = YES;
				CLANG_WARN_OBJC_LITERAL_CONVERSION = YES;
				CLANG_WARN_OBJC_ROOT_CLASS = YES_ERROR;
				CLANG_WARN_QUOTED_INCLUDE_IN_FRAMEWORK_HEADER = YES;
				CLANG_WARN_RANGE_LOOP_ANALYSIS = YES;
				CLANG_WARN_STRICT_PROTOTYPES = YES;
				CLANG_WARN_SUSPICIOUS_MOVE = YES;
				CLANG_WARN_UNGUARDED_AVAILABILITY = YES_AGGRESSIVE;
				CLANG_WARN_UNREACHABLE_CODE = YES;
				CLANG_WARN__DUPLICATE_METHOD_MATCH = YES;
				COPY_PHASE_STRIP = NO;
				DEBUG_INFORMATION_FORMAT = dwarf;
				ENABLE_STRICT_OBJC_MSGSEND = YES;
				ENABLE_TESTABILITY = YES;
				GCC_C_LANGUAGE_STANDARD = gnu11;
				GCC_DYNAMIC_NO_PIC = NO;
				GCC_NO_COMMON_BLOCKS = YES;
				GCC_OPTIMIZATION_LEVEL = 0;
				GCC_PREPROCESSOR_DEFINITIONS = (
					"DEBUG=1",
					"$(inherited)",
				);
				GCC_WARN_64_TO_32_BIT_CONVERSION = YES;
				GCC_WARN_ABOUT_RETURN_TYPE = YES_ERROR;
				GCC_WARN_UNDECLARED_SELECTOR = YES;
				GCC_WARN_UNINITIALIZED_AUTOS = YES_AGGRESSIVE;
				GCC_WARN_UNUSED_FUNCTION = YES;
				GCC_WARN_UNUSED_VARIABLE = YES;
				IPHONEOS_DEPLOYMENT_TARGET = 15.0;
				MTL_ENABLE_DEBUG_INFO = INCLUDE_SOURCE;
				MTL_FAST_MATH = YES;
				ONLY_ACTIVE_ARCH = YES;
				SDKROOT = iphoneos;
				SWIFT_ACTIVE_COMPILATION_CONDITIONS = DEBUG;
				SWIFT_OPTIMIZATION_LEVEL = "-Onone";
			};
			name = Debug;
		};
		404AB5522739F651005544F8 /* Release */ = {
			isa = XCBuildConfiguration;
			buildSettings = {
				ALWAYS_SEARCH_USER_PATHS = NO;
				CLANG_ANALYZER_NONNULL = YES;
				CLANG_ANALYZER_NUMBER_OBJECT_CONVERSION = YES_AGGRESSIVE;
				CLANG_CXX_LANGUAGE_STANDARD = "gnu++17";
				CLANG_CXX_LIBRARY = "libc++";
				CLANG_ENABLE_MODULES = YES;
				CLANG_ENABLE_OBJC_ARC = YES;
				CLANG_ENABLE_OBJC_WEAK = YES;
				CLANG_WARN_BLOCK_CAPTURE_AUTORELEASING = YES;
				CLANG_WARN_BOOL_CONVERSION = YES;
				CLANG_WARN_COMMA = YES;
				CLANG_WARN_CONSTANT_CONVERSION = YES;
				CLANG_WARN_DEPRECATED_OBJC_IMPLEMENTATIONS = YES;
				CLANG_WARN_DIRECT_OBJC_ISA_USAGE = YES_ERROR;
				CLANG_WARN_DOCUMENTATION_COMMENTS = YES;
				CLANG_WARN_EMPTY_BODY = YES;
				CLANG_WARN_ENUM_CONVERSION = YES;
				CLANG_WARN_INFINITE_RECURSION = YES;
				CLANG_WARN_INT_CONVERSION = YES;
				CLANG_WARN_NON_LITERAL_NULL_CONVERSION = YES;
				CLANG_WARN_OBJC_IMPLICIT_RETAIN_SELF = YES;
				CLANG_WARN_OBJC_LITERAL_CONVERSION = YES;
				CLANG_WARN_OBJC_ROOT_CLASS = YES_ERROR;
				CLANG_WARN_QUOTED_INCLUDE_IN_FRAMEWORK_HEADER = YES;
				CLANG_WARN_RANGE_LOOP_ANALYSIS = YES;
				CLANG_WARN_STRICT_PROTOTYPES = YES;
				CLANG_WARN_SUSPICIOUS_MOVE = YES;
				CLANG_WARN_UNGUARDED_AVAILABILITY = YES_AGGRESSIVE;
				CLANG_WARN_UNREACHABLE_CODE = YES;
				CLANG_WARN__DUPLICATE_METHOD_MATCH = YES;
				COPY_PHASE_STRIP = NO;
				DEBUG_INFORMATION_FORMAT = "dwarf-with-dsym";
				ENABLE_NS_ASSERTIONS = NO;
				ENABLE_STRICT_OBJC_MSGSEND = YES;
				GCC_C_LANGUAGE_STANDARD = gnu11;
				GCC_NO_COMMON_BLOCKS = YES;
				GCC_WARN_64_TO_32_BIT_CONVERSION = YES;
				GCC_WARN_ABOUT_RETURN_TYPE = YES_ERROR;
				GCC_WARN_UNDECLARED_SELECTOR = YES;
				GCC_WARN_UNINITIALIZED_AUTOS = YES_AGGRESSIVE;
				GCC_WARN_UNUSED_FUNCTION = YES;
				GCC_WARN_UNUSED_VARIABLE = YES;
				IPHONEOS_DEPLOYMENT_TARGET = 15.0;
				MTL_ENABLE_DEBUG_INFO = NO;
				MTL_FAST_MATH = YES;
				SDKROOT = iphoneos;
				SWIFT_COMPILATION_MODE = wholemodule;
				SWIFT_OPTIMIZATION_LEVEL = "-O";
				VALIDATE_PRODUCT = YES;
			};
			name = Release;
		};
		404AB5542739F651005544F8 /* Debug */ = {
			isa = XCBuildConfiguration;
			baseConfigurationReference = 3959B0766611964E90DF01A3 /* Pods-Songify.debug.xcconfig */;
			buildSettings = {
				ASSETCATALOG_COMPILER_APPICON_NAME = AppIcon;
				ASSETCATALOG_COMPILER_GLOBAL_ACCENT_COLOR_NAME = AccentColor;
				CODE_SIGN_STYLE = Automatic;
				CURRENT_PROJECT_VERSION = 1;
				DEVELOPMENT_TEAM = 2456CV5WQF;
				GENERATE_INFOPLIST_FILE = YES;
				INFOPLIST_FILE = SongifyApp/Info.plist;
				INFOPLIST_KEY_UIApplicationSupportsIndirectInputEvents = YES;
				INFOPLIST_KEY_UILaunchStoryboardName = LaunchScreen;
				INFOPLIST_KEY_UIMainStoryboardFile = Main;
				INFOPLIST_KEY_UISupportedInterfaceOrientations_iPad = "UIInterfaceOrientationPortrait UIInterfaceOrientationPortraitUpsideDown UIInterfaceOrientationLandscapeLeft UIInterfaceOrientationLandscapeRight";
				INFOPLIST_KEY_UISupportedInterfaceOrientations_iPhone = "UIInterfaceOrientationPortrait UIInterfaceOrientationLandscapeLeft UIInterfaceOrientationLandscapeRight";
				IPHONEOS_DEPLOYMENT_TARGET = 14.0;
				LD_RUNPATH_SEARCH_PATHS = (
					"$(inherited)",
					"@executable_path/Frameworks",
				);
				MARKETING_VERSION = 1.0;
				PRODUCT_BUNDLE_IDENTIFIER = com.matthewpiedra.Songify;
				PRODUCT_NAME = "$(TARGET_NAME)";
				SWIFT_EMIT_LOC_STRINGS = YES;
				SWIFT_VERSION = 5.0;
				TARGETED_DEVICE_FAMILY = "1,2";
			};
			name = Debug;
		};
		404AB5552739F651005544F8 /* Release */ = {
			isa = XCBuildConfiguration;
			baseConfigurationReference = 2FC8FFB1BDD57E16E0BDF1FE /* Pods-Songify.release.xcconfig */;
			buildSettings = {
				ASSETCATALOG_COMPILER_APPICON_NAME = AppIcon;
				ASSETCATALOG_COMPILER_GLOBAL_ACCENT_COLOR_NAME = AccentColor;
				CODE_SIGN_STYLE = Automatic;
				CURRENT_PROJECT_VERSION = 1;
				DEVELOPMENT_TEAM = 2456CV5WQF;
				GENERATE_INFOPLIST_FILE = YES;
				INFOPLIST_FILE = SongifyApp/Info.plist;
				INFOPLIST_KEY_UIApplicationSupportsIndirectInputEvents = YES;
				INFOPLIST_KEY_UILaunchStoryboardName = LaunchScreen;
				INFOPLIST_KEY_UIMainStoryboardFile = Main;
				INFOPLIST_KEY_UISupportedInterfaceOrientations_iPad = "UIInterfaceOrientationPortrait UIInterfaceOrientationPortraitUpsideDown UIInterfaceOrientationLandscapeLeft UIInterfaceOrientationLandscapeRight";
				INFOPLIST_KEY_UISupportedInterfaceOrientations_iPhone = "UIInterfaceOrientationPortrait UIInterfaceOrientationLandscapeLeft UIInterfaceOrientationLandscapeRight";
				IPHONEOS_DEPLOYMENT_TARGET = 14.0;
				LD_RUNPATH_SEARCH_PATHS = (
					"$(inherited)",
					"@executable_path/Frameworks",
				);
				MARKETING_VERSION = 1.0;
				PRODUCT_BUNDLE_IDENTIFIER = com.matthewpiedra.Songify;
				PRODUCT_NAME = "$(TARGET_NAME)";
				SWIFT_EMIT_LOC_STRINGS = YES;
				SWIFT_VERSION = 5.0;
				TARGETED_DEVICE_FAMILY = "1,2";
			};
			name = Release;
		};
		404AB5572739F651005544F8 /* Debug */ = {
			isa = XCBuildConfiguration;
			baseConfigurationReference = 1C6A3A9E17EF794AB465247F /* Pods-SongifyTests.debug.xcconfig */;
			buildSettings = {
				ALWAYS_EMBED_SWIFT_STANDARD_LIBRARIES = YES;
				BUNDLE_LOADER = "$(TEST_HOST)";
				CODE_SIGN_STYLE = Automatic;
				CURRENT_PROJECT_VERSION = 1;
				DEVELOPMENT_TEAM = 2456CV5WQF;
				GENERATE_INFOPLIST_FILE = YES;
				IPHONEOS_DEPLOYMENT_TARGET = 15.0;
				LD_RUNPATH_SEARCH_PATHS = (
					"$(inherited)",
					"@executable_path/Frameworks",
					"@loader_path/Frameworks",
				);
				MARKETING_VERSION = 1.0;
				PRODUCT_BUNDLE_IDENTIFIER = com.matthewpiedra.SongifyTests;
				PRODUCT_NAME = "$(TARGET_NAME)";
				SWIFT_EMIT_LOC_STRINGS = NO;
				SWIFT_VERSION = 5.0;
				TARGETED_DEVICE_FAMILY = "1,2";
				TEST_HOST = "$(BUILT_PRODUCTS_DIR)/Songify.app/Songify";
			};
			name = Debug;
		};
		404AB5582739F651005544F8 /* Release */ = {
			isa = XCBuildConfiguration;
			baseConfigurationReference = ADF200DF04477EC00BF5C940 /* Pods-SongifyTests.release.xcconfig */;
			buildSettings = {
				ALWAYS_EMBED_SWIFT_STANDARD_LIBRARIES = YES;
				BUNDLE_LOADER = "$(TEST_HOST)";
				CODE_SIGN_STYLE = Automatic;
				CURRENT_PROJECT_VERSION = 1;
				DEVELOPMENT_TEAM = 2456CV5WQF;
				GENERATE_INFOPLIST_FILE = YES;
				IPHONEOS_DEPLOYMENT_TARGET = 15.0;
				LD_RUNPATH_SEARCH_PATHS = (
					"$(inherited)",
					"@executable_path/Frameworks",
					"@loader_path/Frameworks",
				);
				MARKETING_VERSION = 1.0;
				PRODUCT_BUNDLE_IDENTIFIER = com.matthewpiedra.SongifyTests;
				PRODUCT_NAME = "$(TARGET_NAME)";
				SWIFT_EMIT_LOC_STRINGS = NO;
				SWIFT_VERSION = 5.0;
				TARGETED_DEVICE_FAMILY = "1,2";
				TEST_HOST = "$(BUILT_PRODUCTS_DIR)/Songify.app/Songify";
			};
			name = Release;
		};
		404AB55A2739F651005544F8 /* Debug */ = {
			isa = XCBuildConfiguration;
			baseConfigurationReference = E290BB5C663BF6504A9F4B98 /* Pods-Songify-SongifyUITests.debug.xcconfig */;
			buildSettings = {
				ALWAYS_EMBED_SWIFT_STANDARD_LIBRARIES = YES;
				CODE_SIGN_STYLE = Automatic;
				CURRENT_PROJECT_VERSION = 1;
				DEVELOPMENT_TEAM = 2456CV5WQF;
				GENERATE_INFOPLIST_FILE = YES;
				LD_RUNPATH_SEARCH_PATHS = (
					"$(inherited)",
					"@executable_path/Frameworks",
					"@loader_path/Frameworks",
				);
				MARKETING_VERSION = 1.0;
				PRODUCT_BUNDLE_IDENTIFIER = com.matthewpiedra.SongifyUITests;
				PRODUCT_NAME = "$(TARGET_NAME)";
				SWIFT_EMIT_LOC_STRINGS = NO;
				SWIFT_VERSION = 5.0;
				TARGETED_DEVICE_FAMILY = "1,2";
				TEST_TARGET_NAME = Songify;
			};
			name = Debug;
		};
		404AB55B2739F651005544F8 /* Release */ = {
			isa = XCBuildConfiguration;
			baseConfigurationReference = 6414C544E50C9A73275627DE /* Pods-Songify-SongifyUITests.release.xcconfig */;
			buildSettings = {
				ALWAYS_EMBED_SWIFT_STANDARD_LIBRARIES = YES;
				CODE_SIGN_STYLE = Automatic;
				CURRENT_PROJECT_VERSION = 1;
				DEVELOPMENT_TEAM = 2456CV5WQF;
				GENERATE_INFOPLIST_FILE = YES;
				LD_RUNPATH_SEARCH_PATHS = (
					"$(inherited)",
					"@executable_path/Frameworks",
					"@loader_path/Frameworks",
				);
				MARKETING_VERSION = 1.0;
				PRODUCT_BUNDLE_IDENTIFIER = com.matthewpiedra.SongifyUITests;
				PRODUCT_NAME = "$(TARGET_NAME)";
				SWIFT_EMIT_LOC_STRINGS = NO;
				SWIFT_VERSION = 5.0;
				TARGETED_DEVICE_FAMILY = "1,2";
				TEST_TARGET_NAME = Songify;
			};
			name = Release;
		};
/* End XCBuildConfiguration section */

/* Begin XCConfigurationList section */
		404AB5242739F64F005544F8 /* Build configuration list for PBXProject "Songify" */ = {
			isa = XCConfigurationList;
			buildConfigurations = (
				404AB5512739F651005544F8 /* Debug */,
				404AB5522739F651005544F8 /* Release */,
			);
			defaultConfigurationIsVisible = 0;
			defaultConfigurationName = Release;
		};
		404AB5532739F651005544F8 /* Build configuration list for PBXNativeTarget "Songify" */ = {
			isa = XCConfigurationList;
			buildConfigurations = (
				404AB5542739F651005544F8 /* Debug */,
				404AB5552739F651005544F8 /* Release */,
			);
			defaultConfigurationIsVisible = 0;
			defaultConfigurationName = Release;
		};
		404AB5562739F651005544F8 /* Build configuration list for PBXNativeTarget "SongifyTests" */ = {
			isa = XCConfigurationList;
			buildConfigurations = (
				404AB5572739F651005544F8 /* Debug */,
				404AB5582739F651005544F8 /* Release */,
			);
			defaultConfigurationIsVisible = 0;
			defaultConfigurationName = Release;
		};
		404AB5592739F651005544F8 /* Build configuration list for PBXNativeTarget "SongifyUITests" */ = {
			isa = XCConfigurationList;
			buildConfigurations = (
				404AB55A2739F651005544F8 /* Debug */,
				404AB55B2739F651005544F8 /* Release */,
			);
			defaultConfigurationIsVisible = 0;
			defaultConfigurationName = Release;
		};
/* End XCConfigurationList section */
	};
	rootObject = 404AB5212739F64F005544F8 /* Project object */;
}
